<?xml version="1.0" encoding="utf-8"?>
<Project ToolsVersion="4.0" xmlns="http://schemas.microsoft.com/developer/msbuild/2003">
  <ItemGroup>
    <ClInclude Include="Source\Devices.h" />
    <ClInclude Include="Source\Input_pch.h" />
    <ClInclude Include="Source\Controllers.h" />
  </ItemGroup>
  <ItemGroup>
    <ClCompile Include="Source\Input_pch.cpp" />
    <ClCompile Include="Source\Controllers.cpp" />
  </ItemGroup>
</Project>