<?xml version="1.0" encoding="utf-8"?>
<Project ToolsVersion="4.0" xmlns="http://schemas.microsoft.com/developer/msbuild/2003">
  <ItemGroup>
    <Filter Include="Shaders">
      <UniqueIdentifier>{dc2e9cca-3b06-4baa-9a52-e2c9e10e52a0}</UniqueIdentifier>
    </Filter>
  </ItemGroup>
  <ItemGroup>
    <FxCompile Include="Source\Shaders\WaterSimulation.hlsl">
      <Filter>Shaders</Filter>
    </FxCompile>
    <FxCompile Include="WaterRendering.hlsl">
      <Filter>Shaders</Filter>
    </FxCompile>
  </ItemGroup>
</Project>